<?xml version="1.0" encoding="utf-8"?>
<Project ToolsVersion="4.0" xmlns="http://schemas.microsoft.com/developer/msbuild/2003">
  <ItemGroup>
    <None Include="README.md" />
    <None Include="src\ResourceHolder.inl">
      <Filter>src\Rain</Filter>
    </None>
  </ItemGroup>
  <ItemGroup>
    <ClCompile Include="src\pch.cpp">
      <Filter>src</Filter>
    </ClCompile>
    <ClCompile Include="src\Animation.cpp">
      <Filter>src\Rain</Filter>
    </ClCompile>
    <ClCompile Include="src\Application.cpp">
      <Filter>src\Rain</Filter>
    </ClCompile>
    <ClCompile Include="src\Character.cpp">
      <Filter>src\Rain</Filter>
    </ClCompile>
    <ClCompile Include="src\Entity.cpp">
      <Filter>src\Rain</Filter>
    </ClCompile>
    <ClCompile Include="src\Main.cpp">
      <Filter>src\Rain</Filter>
    </ClCompile>
    <ClCompile Include="src\Player.cpp">
      <Filter>src\Rain</Filter>
    </ClCompile>
    <ClCompile Include="src\SceneNode.cpp">
      <Filter>src\Rain</Filter>
    </ClCompile>
    <ClCompile Include="src\SpriteNode.cpp">
      <Filter>src\Rain</Filter>
    </ClCompile>
    <ClCompile Include="src\Utility.cpp">
      <Filter>src\Rain</Filter>
    </ClCompile>
    <ClCompile Include="src\World.cpp">
      <Filter>src\Rain</Filter>
    </ClCompile>
    <ClCompile Include="src\state\Button.cpp">
      <Filter>src\Rain\state</Filter>
    </ClCompile>
    <ClCompile Include="src\state\Component.cpp">
      <Filter>src\Rain\state</Filter>
    </ClCompile>
    <ClCompile Include="src\state\Container.cpp">
      <Filter>src\Rain\state</Filter>
    </ClCompile>
    <ClCompile Include="src\state\GameState.cpp">
      <Filter>src\Rain\state</Filter>
    </ClCompile>
    <ClCompile Include="src\state\Label.cpp">
      <Filter>src\Rain\state</Filter>
    </ClCompile>
    <ClCompile Include="src\state\LoadingState.cpp">
      <Filter>src\Rain\state</Filter>
    </ClCompile>
    <ClCompile Include="src\state\MenuState.cpp">
      <Filter>src\Rain\state</Filter>
    </ClCompile>
    <ClCompile Include="src\state\ParallelTask.cpp">
      <Filter>src\Rain\state</Filter>
    </ClCompile>
    <ClCompile Include="src\state\PauseState.cpp">
      <Filter>src\Rain\state</Filter>
    </ClCompile>
    <ClCompile Include="src\state\SettingsState.cpp">
      <Filter>src\Rain\state</Filter>
    </ClCompile>
    <ClCompile Include="src\state\State.cpp">
      <Filter>src\Rain\state</Filter>
    </ClCompile>
    <ClCompile Include="src\state\StateStack.cpp">
      <Filter>src\Rain\state</Filter>
    </ClCompile>
    <ClCompile Include="src\state\TitleState.cpp">
      <Filter>src\Rain\state</Filter>
    </ClCompile>
    <ClCompile Include="src\Command.cpp">
      <Filter>src\Rain\input</Filter>
    </ClCompile>
    <ClCompile Include="src\CommandQueue.cpp">
      <Filter>src\Rain\input</Filter>
    </ClCompile>
    <ClCompile Include="src\Log.cpp">
      <Filter>src\Rain</Filter>
    </ClCompile>
    <ClCompile Include="InputWrapper.cpp">
      <Filter>src\Rain\input</Filter>
    </ClCompile>
  </ItemGroup>
  <ItemGroup>
    <ClInclude Include="src\pch.h">
      <Filter>src</Filter>
    </ClInclude>
    <ClInclude Include="src\Animation.h">
      <Filter>src\Rain</Filter>
    </ClInclude>
    <ClInclude Include="src\Application.h">
      <Filter>src\Rain</Filter>
    </ClInclude>
    <ClInclude Include="src\Category.h">
      <Filter>src\Rain</Filter>
    </ClInclude>
    <ClInclude Include="src\Character.h">
      <Filter>src\Rain</Filter>
    </ClInclude>
    <ClInclude Include="src\Entity.h">
      <Filter>src\Rain</Filter>
    </ClInclude>
    <ClInclude Include="src\Player.h">
      <Filter>src\Rain</Filter>
    </ClInclude>
    <ClInclude Include="src\ResourceHolder.h">
      <Filter>src\Rain</Filter>
    </ClInclude>
    <ClInclude Include="src\ResourceIdentifiers.h">
      <Filter>src\Rain</Filter>
    </ClInclude>
    <ClInclude Include="src\SceneNode.h">
      <Filter>src\Rain</Filter>
    </ClInclude>
    <ClInclude Include="src\SpriteNode.h">
      <Filter>src\Rain</Filter>
    </ClInclude>
    <ClInclude Include="src\Utility.h">
      <Filter>src\Rain</Filter>
    </ClInclude>
    <ClInclude Include="src\World.h">
      <Filter>src\Rain</Filter>
    </ClInclude>
    <ClInclude Include="src\state\Button.h">
      <Filter>src\Rain\state</Filter>
    </ClInclude>
    <ClInclude Include="src\state\Component.h">
      <Filter>src\Rain\state</Filter>
    </ClInclude>
    <ClInclude Include="src\state\Container.h">
      <Filter>src\Rain\state</Filter>
    </ClInclude>
    <ClInclude Include="src\state\GameState.h">
      <Filter>src\Rain\state</Filter>
    </ClInclude>
    <ClInclude Include="src\state\Label.h">
      <Filter>src\Rain\state</Filter>
    </ClInclude>
    <ClInclude Include="src\state\LoadingState.h">
      <Filter>src\Rain\state</Filter>
    </ClInclude>
    <ClInclude Include="src\state\MenuState.h">
      <Filter>src\Rain\state</Filter>
    </ClInclude>
    <ClInclude Include="src\state\ParallelTask.h">
      <Filter>src\Rain\state</Filter>
    </ClInclude>
    <ClInclude Include="src\state\PauseState.h">
      <Filter>src\Rain\state</Filter>
    </ClInclude>
    <ClInclude Include="src\state\SettingsState.h">
      <Filter>src\Rain\state</Filter>
    </ClInclude>
    <ClInclude Include="src\state\State.h">
      <Filter>src\Rain\state</Filter>
    </ClInclude>
    <ClInclude Include="src\state\StateIdentifiers.h">
      <Filter>src\Rain\state</Filter>
    </ClInclude>
    <ClInclude Include="src\state\StateStack.h">
      <Filter>src\Rain\state</Filter>
    </ClInclude>
    <ClInclude Include="src\state\TitleState.h">
      <Filter>src\Rain\state</Filter>
    </ClInclude>
    <ClInclude Include="src\Command.h">
      <Filter>src\Rain\input</Filter>
    </ClInclude>
    <ClInclude Include="src\CommandQueue.h">
      <Filter>src\Rain\input</Filter>
    </ClInclude>
    <ClInclude Include="src\Log.h">
      <Filter>src\Rain</Filter>
    </ClInclude>
    <ClInclude Include="InputWrapper.h">
      <Filter>src\Rain\input</Filter>
    </ClInclude>
  </ItemGroup>
  <ItemGroup>
    <Filter Include="src">
      <UniqueIdentifier>{5e9808d2-a25f-4beb-b341-2a4dae2c792c}</UniqueIdentifier>
    </Filter>
    <Filter Include="src\Rain">
      <UniqueIdentifier>{02c3c00b-446a-4e06-b059-ca63b4fd1b4f}</UniqueIdentifier>
    </Filter>
    <Filter Include="src\Rain\state">
      <UniqueIdentifier>{44bbbadc-62c3-4b29-ba48-83c9fba4d1e5}</UniqueIdentifier>
    </Filter>
    <Filter Include="src\Rain\input">
      <UniqueIdentifier>{e96d2e8a-f783-4d2e-8876-9bbb7957bd0c}</UniqueIdentifier>
    </Filter>
  </ItemGroup>
</Project>